
Microsoft Visual Studio Solution File, Format Version 12.00
# Visual Studio Version 16
VisualStudioVersion = 16.0.32126.315
MinimumVisualStudioVersion = 10.0.40219.1
Project("{9A19103F-16F7-4668-BE54-9A1E7A4F7556}") = "IMS.Web", "IMS.Web\IMS.Web.csproj", "{AF6B5593-C601-4545-83CD-C9FC44A603E8}"
EndProject
Project("{9A19103F-16F7-4668-BE54-9A1E7A4F7556}") = "IMS.UseCases", "IMS.UseCases\IMS.UseCases.csproj", "{10C086D1-B164-48CC-9BBF-F816D40D4824}"
EndProject
Project("{9A19103F-16F7-4668-BE54-9A1E7A4F7556}") = "IMS.CoreBusiness", "IMS.CoreBusiness\IMS.CoreBusiness.csproj", "{4AB104CD-20C0-4383-A91B-8386A37BBD6C}"
EndProject
Project("{9A19103F-16F7-4668-BE54-9A1E7A4F7556}") = "IMS.Plugins.EFCore", "IMS.Plugins.EFCore\IMS.Plugins.EFCore.csproj", "{538659F5-7333-49EA-9B88-7551F2A4CE7C}"
EndProject
Global
	GlobalSection(SolutionConfigurationPlatforms) = preSolution
		Debug|Any CPU = Debug|Any CPU
		Release|Any CPU = Release|Any CPU
	EndGlobalSection
	GlobalSection(ProjectConfigurationPlatforms) = postSolution
		{AF6B5593-C601-4545-83CD-C9FC44A603E8}.Debug|Any CPU.ActiveCfg = Debug|Any CPU
		{AF6B5593-C601-4545-83CD-C9FC44A603E8}.Debug|Any CPU.Build.0 = Debug|Any CPU
		{AF6B5593-C601-4545-83CD-C9FC44A603E8}.Release|Any CPU.ActiveCfg = Release|Any CPU
		{AF6B5593-C601-4545-83CD-C9FC44A603E8}.Release|Any CPU.Build.0 = Release|Any CPU
		{10C086D1-B164-48CC-9BBF-F816D40D4824}.Debug|Any CPU.ActiveCfg = Debug|Any CPU
		{10C086D1-B164-48CC-9BBF-F816D40D4824}.Debug|Any CPU.Build.0 = Debug|Any CPU
		{10C086D1-B164-48CC-9BBF-F816D40D4824}.Release|Any CPU.ActiveCfg = Release|Any CPU
		{10C086D1-B164-48CC-9BBF-F816D40D4824}.Release|Any CPU.Build.0 = Release|Any CPU
		{4AB104CD-20C0-4383-A91B-8386A37BBD6C}.Debug|Any CPU.ActiveCfg = Debug|Any CPU
		{4AB104CD-20C0-4383-A91B-8386A37BBD6C}.Debug|Any CPU.Build.0 = Debug|Any CPU
		{4AB104CD-20C0-4383-A91B-8386A37BBD6C}.Release|Any CPU.ActiveCfg = Release|Any CPU
		{4AB104CD-20C0-4383-A91B-8386A37BBD6C}.Release|Any CPU.Build.0 = Release|Any CPU
		{538659F5-7333-49EA-9B88-7551F2A4CE7C}.Debug|Any CPU.ActiveCfg = Debug|Any CPU
		{538659F5-7333-49EA-9B88-7551F2A4CE7C}.Debug|Any CPU.Build.0 = Debug|Any CPU
		{538659F5-7333-49EA-9B88-7551F2A4CE7C}.Release|Any CPU.ActiveCfg = Release|Any CPU
		{538659F5-7333-49EA-9B88-7551F2A4CE7C}.Release|Any CPU.Build.0 = Release|Any CPU
	EndGlobalSection
	GlobalSection(SolutionProperties) = preSolution
		HideSolutionNode = FALSE
	EndGlobalSection
	GlobalSection(ExtensibilityGlobals) = postSolution
		SolutionGuid = {B9C3DE04-22CB-46A0-B7C6-8855F7BD8BC4}
	EndGlobalSection
EndGlobal
